
Microsoft Visual Studio Solution File, Format Version 12.00
# Visual Studio Version 17
VisualStudioVersion = 17.4.33205.214
MinimumVisualStudioVersion = 10.0.40219.1
Project("{8BC9CEB8-8B4A-11D0-8D11-00A0C91BC942}") = "MIT", "MIT\MIT.vcxproj", "{2F4FD3A3-1E4F-44B4-8796-D2F7DF043721}"
EndProject
Project("{2150E333-8FDC-42A3-9474-1A3956D46DE8}") = "MIT.original", "MIT.original", "{131F0C03-F8C4-450A-AEEF-C2F8FE227A6C}"
	ProjectSection(SolutionItems) = preProject
		MIT.qml = MIT.qml
	EndProjectSection
EndProject
Project("{2150E333-8FDC-42A3-9474-1A3956D46DE8}") = "MIT", "MIT", "{A1F264AB-ED18-4F47-BB5E-F6BB6C6FD417}"
	ProjectSection(SolutionItems) = preProject
		MIT.old\LICENCE.GPL = MIT.old\LICENCE.GPL
		MIT.original\MIT\LICENCE.GPL = MIT.original\MIT\LICENCE.GPL
		MIT.old\Makefile = MIT.old\Makefile
		MIT.original\MIT\Makefile = MIT.original\MIT\Makefile
		MIT.old\MIT = MIT.old\MIT
		MIT.original\MIT\MIT = MIT.original\MIT\MIT
		MIT.old\MIT.c = MIT.old\MIT.c
		MIT.original\MIT\MIT.c = MIT.original\MIT\MIT.c
		MIT.original\MIT.qml = MIT.original\MIT.qml
		MIT.old\qsynthconnect.sh = MIT.old\qsynthconnect.sh
		MIT.original\MIT\qsynthconnect.sh = MIT.original\MIT\qsynthconnect.sh
		MIT.old\README.txt = MIT.old\README.txt
		MIT.original\MIT\README.txt = MIT.original\MIT\README.txt
		MIT.old\stopMIT = MIT.old\stopMIT
		MIT.original\MIT\stopMIT = MIT.original\MIT\stopMIT
		MIT.old\stopMIT.c = MIT.old\stopMIT.c
		MIT.original\MIT\stopMIT.c = MIT.original\MIT\stopMIT.c
	EndProjectSection
EndProject
Global
	GlobalSection(SolutionConfigurationPlatforms) = preSolution
		Debug|x64 = Debug|x64
		Debug|x86 = Debug|x86
		Release|x64 = Release|x64
		Release|x86 = Release|x86
	EndGlobalSection
	GlobalSection(ProjectConfigurationPlatforms) = postSolution
		{2F4FD3A3-1E4F-44B4-8796-D2F7DF043721}.Debug|x64.ActiveCfg = Debug|x64
		{2F4FD3A3-1E4F-44B4-8796-D2F7DF043721}.Debug|x64.Build.0 = Debug|x64
		{2F4FD3A3-1E4F-44B4-8796-D2F7DF043721}.Debug|x86.ActiveCfg = Debug|Win32
		{2F4FD3A3-1E4F-44B4-8796-D2F7DF043721}.Debug|x86.Build.0 = Debug|Win32
		{2F4FD3A3-1E4F-44B4-8796-D2F7DF043721}.Release|x64.ActiveCfg = Release|x64
		{2F4FD3A3-1E4F-44B4-8796-D2F7DF043721}.Release|x64.Build.0 = Release|x64
		{2F4FD3A3-1E4F-44B4-8796-D2F7DF043721}.Release|x86.ActiveCfg = Release|Win32
		{2F4FD3A3-1E4F-44B4-8796-D2F7DF043721}.Release|x86.Build.0 = Release|Win32
	EndGlobalSection
	GlobalSection(SolutionProperties) = preSolution
		HideSolutionNode = FALSE
	EndGlobalSection
	GlobalSection(NestedProjects) = preSolution
		{A1F264AB-ED18-4F47-BB5E-F6BB6C6FD417} = {131F0C03-F8C4-450A-AEEF-C2F8FE227A6C}
	EndGlobalSection
	GlobalSection(ExtensibilityGlobals) = postSolution
		SolutionGuid = {D1F97400-7E95-4C47-BDB0-8D7B7E22B413}
	EndGlobalSection
EndGlobal
